// !$*UTF8*$!
{
	archiveVersion = 1;
	classes = {
	};
	objectVersion = 55;
	objects = {

/* Begin PBXBuildFile section */
		BE3B6C7B28AA354E002F743B /* SettingsViewController.swift in Sources */ = {isa = PBXBuildFile; fileRef = BE3B6C7A28AA354E002F743B /* SettingsViewController.swift */; };
		BE682DB428A8BAA900072532 /* AppDelegate.swift in Sources */ = {isa = PBXBuildFile; fileRef = BE682DB328A8BAA900072532 /* AppDelegate.swift */; };
		BE682DB628A8BAA900072532 /* SceneDelegate.swift in Sources */ = {isa = PBXBuildFile; fileRef = BE682DB528A8BAA900072532 /* SceneDelegate.swift */; };
		BE682DBD28A8BAA900072532 /* Assets.xcassets in Resources */ = {isa = PBXBuildFile; fileRef = BE682DBC28A8BAA900072532 /* Assets.xcassets */; };
		BE682DC028A8BAA900072532 /* LaunchScreen.storyboard in Resources */ = {isa = PBXBuildFile; fileRef = BE682DBE28A8BAA900072532 /* LaunchScreen.storyboard */; };
		BE682DCB28A8BAAA00072532 /* tip_calculatorTests.swift in Sources */ = {isa = PBXBuildFile; fileRef = BE682DCA28A8BAAA00072532 /* tip_calculatorTests.swift */; };
		BE682DD528A8BAAA00072532 /* tip_calculatorUITests.swift in Sources */ = {isa = PBXBuildFile; fileRef = BE682DD428A8BAAA00072532 /* tip_calculatorUITests.swift */; };
		BE682DD728A8BAAA00072532 /* tip_calculatorUITestsLaunchTests.swift in Sources */ = {isa = PBXBuildFile; fileRef = BE682DD628A8BAAA00072532 /* tip_calculatorUITestsLaunchTests.swift */; };
		BE682DE528AA1C6700072532 /* Main.storyboard in Resources */ = {isa = PBXBuildFile; fileRef = BE682DE328AA1C6700072532 /* Main.storyboard */; };
		BE682DE928AA1E1200072532 /* TipViewController.swift in Sources */ = {isa = PBXBuildFile; fileRef = BE682DE828AA1E1200072532 /* TipViewController.swift */; };
/* End PBXBuildFile section */

/* Begin PBXContainerItemProxy section */
		BE682DC728A8BAAA00072532 /* PBXContainerItemProxy */ = {
			isa = PBXContainerItemProxy;
			containerPortal = BE682DA828A8BAA900072532 /* Project object */;
			proxyType = 1;
			remoteGlobalIDString = BE682DAF28A8BAA900072532;
			remoteInfo = "tip-calculator";
		};
		BE682DD128A8BAAA00072532 /* PBXContainerItemProxy */ = {
			isa = PBXContainerItemProxy;
			containerPortal = BE682DA828A8BAA900072532 /* Project object */;
			proxyType = 1;
			remoteGlobalIDString = BE682DAF28A8BAA900072532;
			remoteInfo = "tip-calculator";
		};
/* End PBXContainerItemProxy section */

/* Begin PBXFileReference section */
		BE3B6C7A28AA354E002F743B /* SettingsViewController.swift */ = {isa = PBXFileReference; lastKnownFileType = sourcecode.swift; path = SettingsViewController.swift; sourceTree = "<group>"; };
		BE682DB028A8BAA900072532 /* tip-calculator.app */ = {isa = PBXFileReference; explicitFileType = wrapper.application; includeInIndex = 0; path = "tip-calculator.app"; sourceTree = BUILT_PRODUCTS_DIR; };
		BE682DB328A8BAA900072532 /* AppDelegate.swift */ = {isa = PBXFileReference; lastKnownFileType = sourcecode.swift; path = AppDelegate.swift; sourceTree = "<group>"; };
		BE682DB528A8BAA900072532 /* SceneDelegate.swift */ = {isa = PBXFileReference; lastKnownFileType = sourcecode.swift; path = SceneDelegate.swift; sourceTree = "<group>"; };
		BE682DBC28A8BAA900072532 /* Assets.xcassets */ = {isa = PBXFileReference; lastKnownFileType = folder.assetcatalog; path = Assets.xcassets; sourceTree = "<group>"; };
		BE682DBF28A8BAA900072532 /* Base */ = {isa = PBXFileReference; lastKnownFileType = file.storyboard; name = Base; path = Base.lproj/LaunchScreen.storyboard; sourceTree = "<group>"; };
		BE682DC128A8BAA900072532 /* Info.plist */ = {isa = PBXFileReference; lastKnownFileType = text.plist.xml; path = Info.plist; sourceTree = "<group>"; };
		BE682DC628A8BAAA00072532 /* tip-calculatorTests.xctest */ = {isa = PBXFileReference; explicitFileType = wrapper.cfbundle; includeInIndex = 0; path = "tip-calculatorTests.xctest"; sourceTree = BUILT_PRODUCTS_DIR; };
		BE682DCA28A8BAAA00072532 /* tip_calculatorTests.swift */ = {isa = PBXFileReference; lastKnownFileType = sourcecode.swift; path = tip_calculatorTests.swift; sourceTree = "<group>"; };
		BE682DD028A8BAAA00072532 /* tip-calculatorUITests.xctest */ = {isa = PBXFileReference; explicitFileType = wrapper.cfbundle; includeInIndex = 0; path = "tip-calculatorUITests.xctest"; sourceTree = BUILT_PRODUCTS_DIR; };
		BE682DD428A8BAAA00072532 /* tip_calculatorUITests.swift */ = {isa = PBXFileReference; lastKnownFileType = sourcecode.swift; path = tip_calculatorUITests.swift; sourceTree = "<group>"; };
		BE682DD628A8BAAA00072532 /* tip_calculatorUITestsLaunchTests.swift */ = {isa = PBXFileReference; lastKnownFileType = sourcecode.swift; path = tip_calculatorUITestsLaunchTests.swift; sourceTree = "<group>"; };
		BE682DE428AA1C6700072532 /* Base */ = {isa = PBXFileReference; lastKnownFileType = file.storyboard; name = Base; path = Base.lproj/Main.storyboard; sourceTree = "<group>"; };
		BE682DE828AA1E1200072532 /* TipViewController.swift */ = {isa = PBXFileReference; lastKnownFileType = sourcecode.swift; path = TipViewController.swift; sourceTree = "<group>"; };
/* End PBXFileReference section */

/* Begin PBXFrameworksBuildPhase section */
		BE682DAD28A8BAA900072532 /* Frameworks */ = {
			isa = PBXFrameworksBuildPhase;
			buildActionMask = 2147483647;
			files = (
			);
			runOnlyForDeploymentPostprocessing = 0;
		};
		BE682DC328A8BAAA00072532 /* Frameworks */ = {
			isa = PBXFrameworksBuildPhase;
			buildActionMask = 2147483647;
			files = (
			);
			runOnlyForDeploymentPostprocessing = 0;
		};
		BE682DCD28A8BAAA00072532 /* Frameworks */ = {
			isa = PBXFrameworksBuildPhase;
			buildActionMask = 2147483647;
			files = (
			);
			runOnlyForDeploymentPostprocessing = 0;
		};
/* End PBXFrameworksBuildPhase section */

/* Begin PBXGroup section */
		BE682DA728A8BAA900072532 = {
			isa = PBXGroup;
			children = (
				BE682DB228A8BAA900072532 /* tip-calculator */,
				BE682DC928A8BAAA00072532 /* tip-calculatorTests */,
				BE682DD328A8BAAA00072532 /* tip-calculatorUITests */,
				BE682DB128A8BAA900072532 /* Products */,
			);
			sourceTree = "<group>";
		};
		BE682DB128A8BAA900072532 /* Products */ = {
			isa = PBXGroup;
			children = (
				BE682DB028A8BAA900072532 /* tip-calculator.app */,
				BE682DC628A8BAAA00072532 /* tip-calculatorTests.xctest */,
				BE682DD028A8BAAA00072532 /* tip-calculatorUITests.xctest */,
			);
			name = Products;
			sourceTree = "<group>";
		};
		BE682DB228A8BAA900072532 /* tip-calculator */ = {
			isa = PBXGroup;
			children = (
				BE682DE828AA1E1200072532 /* TipViewController.swift */,
				BE682DE328AA1C6700072532 /* Main.storyboard */,
				BE682DB328A8BAA900072532 /* AppDelegate.swift */,
				BE682DB528A8BAA900072532 /* SceneDelegate.swift */,
				BE682DBC28A8BAA900072532 /* Assets.xcassets */,
				BE682DBE28A8BAA900072532 /* LaunchScreen.storyboard */,
				BE682DC128A8BAA900072532 /* Info.plist */,
				BE3B6C7A28AA354E002F743B /* SettingsViewController.swift */,
			);
			path = "tip-calculator";
			sourceTree = "<group>";
		};
		BE682DC928A8BAAA00072532 /* tip-calculatorTests */ = {
			isa = PBXGroup;
			children = (
				BE682DCA28A8BAAA00072532 /* tip_calculatorTests.swift */,
			);
			path = "tip-calculatorTests";
			sourceTree = "<group>";
		};
		BE682DD328A8BAAA00072532 /* tip-calculatorUITests */ = {
			isa = PBXGroup;
			children = (
				BE682DD428A8BAAA00072532 /* tip_calculatorUITests.swift */,
				BE682DD628A8BAAA00072532 /* tip_calculatorUITestsLaunchTests.swift */,
			);
			path = "tip-calculatorUITests";
			sourceTree = "<group>";
		};
/* End PBXGroup section */

/* Begin PBXNativeTarget section */
		BE682DAF28A8BAA900072532 /* tip-calculator */ = {
			isa = PBXNativeTarget;
			buildConfigurationList = BE682DDA28A8BAAA00072532 /* Build configuration list for PBXNativeTarget "tip-calculator" */;
			buildPhases = (
				BE682DAC28A8BAA900072532 /* Sources */,
				BE682DAD28A8BAA900072532 /* Frameworks */,
				BE682DAE28A8BAA900072532 /* Resources */,
			);
			buildRules = (
			);
			dependencies = (
			);
			name = "tip-calculator";
			productName = "tip-calculator";
			productReference = BE682DB028A8BAA900072532 /* tip-calculator.app */;
			productType = "com.apple.product-type.application";
		};
		BE682DC528A8BAAA00072532 /* tip-calculatorTests */ = {
			isa = PBXNativeTarget;
			buildConfigurationList = BE682DDD28A8BAAA00072532 /* Build configuration list for PBXNativeTarget "tip-calculatorTests" */;
			buildPhases = (
				BE682DC228A8BAAA00072532 /* Sources */,
				BE682DC328A8BAAA00072532 /* Frameworks */,
				BE682DC428A8BAAA00072532 /* Resources */,
			);
			buildRules = (
			);
			dependencies = (
				BE682DC828A8BAAA00072532 /* PBXTargetDependency */,
			);
			name = "tip-calculatorTests";
			productName = "tip-calculatorTests";
			productReference = BE682DC628A8BAAA00072532 /* tip-calculatorTests.xctest */;
			productType = "com.apple.product-type.bundle.unit-test";
		};
		BE682DCF28A8BAAA00072532 /* tip-calculatorUITests */ = {
			isa = PBXNativeTarget;
			buildConfigurationList = BE682DE028A8BAAA00072532 /* Build configuration list for PBXNativeTarget "tip-calculatorUITests" */;
			buildPhases = (
				BE682DCC28A8BAAA00072532 /* Sources */,
				BE682DCD28A8BAAA00072532 /* Frameworks */,
				BE682DCE28A8BAAA00072532 /* Resources */,
			);
			buildRules = (
			);
			dependencies = (
				BE682DD228A8BAAA00072532 /* PBXTargetDependency */,
			);
			name = "tip-calculatorUITests";
			productName = "tip-calculatorUITests";
			productReference = BE682DD028A8BAAA00072532 /* tip-calculatorUITests.xctest */;
			productType = "com.apple.product-type.bundle.ui-testing";
		};
/* End PBXNativeTarget section */

/* Begin PBXProject section */
		BE682DA828A8BAA900072532 /* Project object */ = {
			isa = PBXProject;
			attributes = {
				BuildIndependentTargetsInParallel = 1;
				LastSwiftUpdateCheck = 1340;
				LastUpgradeCheck = 1340;
				TargetAttributes = {
					BE682DAF28A8BAA900072532 = {
						CreatedOnToolsVersion = 13.4.1;
					};
					BE682DC528A8BAAA00072532 = {
						CreatedOnToolsVersion = 13.4.1;
						TestTargetID = BE682DAF28A8BAA900072532;
					};
					BE682DCF28A8BAAA00072532 = {
						CreatedOnToolsVersion = 13.4.1;
						TestTargetID = BE682DAF28A8BAA900072532;
					};
				};
			};
			buildConfigurationList = BE682DAB28A8BAA900072532 /* Build configuration list for PBXProject "tip-calculator" */;
			compatibilityVersion = "Xcode 13.0";
			developmentRegion = en;
			hasScannedForEncodings = 0;
			knownRegions = (
				en,
				Base,
			);
			mainGroup = BE682DA728A8BAA900072532;
			productRefGroup = BE682DB128A8BAA900072532 /* Products */;
			projectDirPath = "";
			projectRoot = "";
			targets = (
				BE682DAF28A8BAA900072532 /* tip-calculator */,
				BE682DC528A8BAAA00072532 /* tip-calculatorTests */,
				BE682DCF28A8BAAA00072532 /* tip-calculatorUITests */,
			);
		};
/* End PBXProject section */

/* Begin PBXResourcesBuildPhase section */
		BE682DAE28A8BAA900072532 /* Resources */ = {
			isa = PBXResourcesBuildPhase;
			buildActionMask = 2147483647;
			files = (
				BE682DE528AA1C6700072532 /* Main.storyboard in Resources */,
				BE682DC028A8BAA900072532 /* LaunchScreen.storyboard in Resources */,
				BE682DBD28A8BAA900072532 /* Assets.xcassets in Resources */,
			);
			runOnlyForDeploymentPostprocessing = 0;
		};
		BE682DC428A8BAAA00072532 /* Resources */ = {
			isa = PBXResourcesBuildPhase;
			buildActionMask = 2147483647;
			files = (
			);
			runOnlyForDeploymentPostprocessing = 0;
		};
		BE682DCE28A8BAAA00072532 /* Resources */ = {
			isa = PBXResourcesBuildPhase;
			buildActionMask = 2147483647;
			files = (
			);
			runOnlyForDeploymentPostprocessing = 0;
		};
/* End PBXResourcesBuildPhase section */

/* Begin PBXSourcesBuildPhase section */
		BE682DAC28A8BAA900072532 /* Sources */ = {
			isa = PBXSourcesBuildPhase;
			buildActionMask = 2147483647;
			files = (
				BE682DE928AA1E1200072532 /* TipViewController.swift in Sources */,
				BE682DB428A8BAA900072532 /* AppDelegate.swift in Sources */,
				BE682DB628A8BAA900072532 /* SceneDelegate.swift in Sources */,
				BE3B6C7B28AA354E002F743B /* SettingsViewController.swift in Sources */,
			);
			runOnlyForDeploymentPostprocessing = 0;
		};
		BE682DC228A8BAAA00072532 /* Sources */ = {
			isa = PBXSourcesBuildPhase;
			buildActionMask = 2147483647;
			files = (
				BE682DCB28A8BAAA00072532 /* tip_calculatorTests.swift in Sources */,
			);
			runOnlyForDeploymentPostprocessing = 0;
		};
		BE682DCC28A8BAAA00072532 /* Sources */ = {
			isa = PBXSourcesBuildPhase;
			buildActionMask = 2147483647;
			files = (
				BE682DD728A8BAAA00072532 /* tip_calculatorUITestsLaunchTests.swift in Sources */,
				BE682DD528A8BAAA00072532 /* tip_calculatorUITests.swift in Sources */,
			);
			runOnlyForDeploymentPostprocessing = 0;
		};
/* End PBXSourcesBuildPhase section */

/* Begin PBXTargetDependency section */
		BE682DC828A8BAAA00072532 /* PBXTargetDependency */ = {
			isa = PBXTargetDependency;
			target = BE682DAF28A8BAA900072532 /* tip-calculator */;
			targetProxy = BE682DC728A8BAAA00072532 /* PBXContainerItemProxy */;
		};
		BE682DD228A8BAAA00072532 /* PBXTargetDependency */ = {
			isa = PBXTargetDependency;
			target = BE682DAF28A8BAA900072532 /* tip-calculator */;
			targetProxy = BE682DD128A8BAAA00072532 /* PBXContainerItemProxy */;
		};
/* End PBXTargetDependency section */

/* Begin PBXVariantGroup section */
		BE682DBE28A8BAA900072532 /* LaunchScreen.storyboard */ = {
			isa = PBXVariantGroup;
			children = (
				BE682DBF28A8BAA900072532 /* Base */,
			);
			name = LaunchScreen.storyboard;
			sourceTree = "<group>";
		};
		BE682DE328AA1C6700072532 /* Main.storyboard */ = {
			isa = PBXVariantGroup;
			children = (
				BE682DE428AA1C6700072532 /* Base */,
			);
			name = Main.storyboard;
			sourceTree = "<group>";
		};
/* End PBXVariantGroup section */

/* Begin XCBuildConfiguration section */
		BE682DD828A8BAAA00072532 /* Debug */ = {
			isa = XCBuildConfiguration;
			buildSettings = {
				ALWAYS_SEARCH_USER_PATHS = NO;
				CLANG_ANALYZER_NONNULL = YES;
				CLANG_ANALYZER_NUMBER_OBJECT_CONVERSION = YES_AGGRESSIVE;
				CLANG_CXX_LANGUAGE_STANDARD = "gnu++17";
				CLANG_ENABLE_MODULES = YES;
				CLANG_ENABLE_OBJC_ARC = YES;
				CLANG_ENABLE_OBJC_WEAK = YES;
				CLANG_WARN_BLOCK_CAPTURE_AUTORELEASING = YES;
				CLANG_WARN_BOOL_CONVERSION = YES;
				CLANG_WARN_COMMA = YES;
				CLANG_WARN_CONSTANT_CONVERSION = YES;
				CLANG_WARN_DEPRECATED_OBJC_IMPLEMENTATIONS = YES;
				CLANG_WARN_DIRECT_OBJC_ISA_USAGE = YES_ERROR;
				CLANG_WARN_DOCUMENTATION_COMMENTS = YES;
				CLANG_WARN_EMPTY_BODY = YES;
				CLANG_WARN_ENUM_CONVERSION = YES;
				CLANG_WARN_INFINITE_RECURSION = YES;
				CLANG_WARN_INT_CONVERSION = YES;
				CLANG_WARN_NON_LITERAL_NULL_CONVERSION = YES;
				CLANG_WARN_OBJC_IMPLICIT_RETAIN_SELF = YES;
				CLANG_WARN_OBJC_LITERAL_CONVERSION = YES;
				CLANG_WARN_OBJC_ROOT_CLASS = YES_ERROR;
				CLANG_WARN_QUOTED_INCLUDE_IN_FRAMEWORK_HEADER = YES;
				CLANG_WARN_RANGE_LOOP_ANALYSIS = YES;
				CLANG_WARN_STRICT_PROTOTYPES = YES;
				CLANG_WARN_SUSPICIOUS_MOVE = YES;
				CLANG_WARN_UNGUARDED_AVAILABILITY = YES_AGGRESSIVE;
				CLANG_WARN_UNREACHABLE_CODE = YES;
				CLANG_WARN__DUPLICATE_METHOD_MATCH = YES;
				COPY_PHASE_STRIP = NO;
				DEBUG_INFORMATION_FORMAT = dwarf;
				ENABLE_STRICT_OBJC_MSGSEND = YES;
				ENABLE_TESTABILITY = YES;
				GCC_C_LANGUAGE_STANDARD = gnu11;
				GCC_DYNAMIC_NO_PIC = NO;
				GCC_NO_COMMON_BLOCKS = YES;
				GCC_OPTIMIZATION_LEVEL = 0;
				GCC_PREPROCESSOR_DEFINITIONS = (
					"DEBUG=1",
					"$(inherited)",
				);
				GCC_WARN_64_TO_32_BIT_CONVERSION = YES;
				GCC_WARN_ABOUT_RETURN_TYPE = YES_ERROR;
				GCC_WARN_UNDECLARED_SELECTOR = YES;
				GCC_WARN_UNINITIALIZED_AUTOS = YES_AGGRESSIVE;
				GCC_WARN_UNUSED_FUNCTION = YES;
				GCC_WARN_UNUSED_VARIABLE = YES;
				IPHONEOS_DEPLOYMENT_TARGET = 15.5;
				MTL_ENABLE_DEBUG_INFO = INCLUDE_SOURCE;
				MTL_FAST_MATH = YES;
				ONLY_ACTIVE_ARCH = YES;
				SDKROOT = iphoneos;
				SWIFT_ACTIVE_COMPILATION_CONDITIONS = DEBUG;
				SWIFT_OPTIMIZATION_LEVEL = "-Onone";
			};
			name = Debug;
		};
		BE682DD928A8BAAA00072532 /* Release */ = {
			isa = XCBuildConfiguration;
			buildSettings = {
				ALWAYS_SEARCH_USER_PATHS = NO;
				CLANG_ANALYZER_NONNULL = YES;
				CLANG_ANALYZER_NUMBER_OBJECT_CONVERSION = YES_AGGRESSIVE;
				CLANG_CXX_LANGUAGE_STANDARD = "gnu++17";
				CLANG_ENABLE_MODULES = YES;
				CLANG_ENABLE_OBJC_ARC = YES;
				CLANG_ENABLE_OBJC_WEAK = YES;
				CLANG_WARN_BLOCK_CAPTURE_AUTORELEASING = YES;
				CLANG_WARN_BOOL_CONVERSION = YES;
				CLANG_WARN_COMMA = YES;
				CLANG_WARN_CONSTANT_CONVERSION = YES;
				CLANG_WARN_DEPRECATED_OBJC_IMPLEMENTATIONS = YES;
				CLANG_WARN_DIRECT_OBJC_ISA_USAGE = YES_ERROR;
				CLANG_WARN_DOCUMENTATION_COMMENTS = YES;
				CLANG_WARN_EMPTY_BODY = YES;
				CLANG_WARN_ENUM_CONVERSION = YES;
				CLANG_WARN_INFINITE_RECURSION = YES;
				CLANG_WARN_INT_CONVERSION = YES;
				CLANG_WARN_NON_LITERAL_NULL_CONVERSION = YES;
				CLANG_WARN_OBJC_IMPLICIT_RETAIN_SELF = YES;
				CLANG_WARN_OBJC_LITERAL_CONVERSION = YES;
				CLANG_WARN_OBJC_ROOT_CLASS = YES_ERROR;
				CLANG_WARN_QUOTED_INCLUDE_IN_FRAMEWORK_HEADER = YES;
				CLANG_WARN_RANGE_LOOP_ANALYSIS = YES;
				CLANG_WARN_STRICT_PROTOTYPES = YES;
				CLANG_WARN_SUSPICIOUS_MOVE = YES;
				CLANG_WARN_UNGUARDED_AVAILABILITY = YES_AGGRESSIVE;
				CLANG_WARN_UNREACHABLE_CODE = YES;
				CLANG_WARN__DUPLICATE_METHOD_MATCH = YES;
				COPY_PHASE_STRIP = NO;
				DEBUG_INFORMATION_FORMAT = "dwarf-with-dsym";
				ENABLE_NS_ASSERTIONS = NO;
				ENABLE_STRICT_OBJC_MSGSEND = YES;
				GCC_C_LANGUAGE_STANDARD = gnu11;
				GCC_NO_COMMON_BLOCKS = YES;
				GCC_WARN_64_TO_32_BIT_CONVERSION = YES;
				GCC_WARN_ABOUT_RETURN_TYPE = YES_ERROR;
				GCC_WARN_UNDECLARED_SELECTOR = YES;
				GCC_WARN_UNINITIALIZED_AUTOS = YES_AGGRESSIVE;
				GCC_WARN_UNUSED_FUNCTION = YES;
				GCC_WARN_UNUSED_VARIABLE = YES;
				IPHONEOS_DEPLOYMENT_TARGET = 15.5;
				MTL_ENABLE_DEBUG_INFO = NO;
				MTL_FAST_MATH = YES;
				SDKROOT = iphoneos;
				SWIFT_COMPILATION_MODE = wholemodule;
				SWIFT_OPTIMIZATION_LEVEL = "-O";
				VALIDATE_PRODUCT = YES;
			};
			name = Release;
		};
		BE682DDB28A8BAAA00072532 /* Debug */ = {
			isa = XCBuildConfiguration;
			buildSettings = {
				ASSETCATALOG_COMPILER_APPICON_NAME = AppIcon;
				ASSETCATALOG_COMPILER_GLOBAL_ACCENT_COLOR_NAME = AccentColor;
				CODE_SIGN_STYLE = Automatic;
				CURRENT_PROJECT_VERSION = 1;
				DEVELOPMENT_TEAM = VLHDGQN8GU;
				GENERATE_INFOPLIST_FILE = YES;
				INFOPLIST_FILE = "tip-calculator/Info.plist";
				INFOPLIST_KEY_UIApplicationSupportsIndirectInputEvents = YES;
				INFOPLIST_KEY_UILaunchStoryboardName = LaunchScreen;
				INFOPLIST_KEY_UIMainStoryboardFile = Main;
				INFOPLIST_KEY_UISupportedInterfaceOrientations_iPad = "UIInterfaceOrientationPortrait UIInterfaceOrientationPortraitUpsideDown UIInterfaceOrientationLandscapeLeft UIInterfaceOrientationLandscapeRight";
				INFOPLIST_KEY_UISupportedInterfaceOrientations_iPhone = "UIInterfaceOrientationPortrait UIInterfaceOrientationLandscapeLeft UIInterfaceOrientationLandscapeRight";
				LD_RUNPATH_SEARCH_PATHS = (
					"$(inherited)",
					"@executable_path/Frameworks",
				);
				MARKETING_VERSION = 1.0;
				PRODUCT_BUNDLE_IDENTIFIER = "me.tip-calc-wiho";
				PRODUCT_NAME = "$(TARGET_NAME)";
				SWIFT_EMIT_LOC_STRINGS = YES;
				SWIFT_VERSION = 5.0;
				TARGETED_DEVICE_FAMILY = "1,2";
			};
			name = Debug;
		};
		BE682DDC28A8BAAA00072532 /* Release */ = {
			isa = XCBuildConfiguration;
			buildSettings = {
				ASSETCATALOG_COMPILER_APPICON_NAME = AppIcon;
				ASSETCATALOG_COMPILER_GLOBAL_ACCENT_COLOR_NAME = AccentColor;
				CODE_SIGN_STYLE = Automatic;
				CURRENT_PROJECT_VERSION = 1;
				DEVELOPMENT_TEAM = VLHDGQN8GU;
				GENERATE_INFOPLIST_FILE = YES;
				INFOPLIST_FILE = "tip-calculator/Info.plist";
				INFOPLIST_KEY_UIApplicationSupportsIndirectInputEvents = YES;
				INFOPLIST_KEY_UILaunchStoryboardName = LaunchScreen;
				INFOPLIST_KEY_UIMainStoryboardFile = Main;
				INFOPLIST_KEY_UISupportedInterfaceOrientations_iPad = "UIInterfaceOrientationPortrait UIInterfaceOrientationPortraitUpsideDown UIInterfaceOrientationLandscapeLeft UIInterfaceOrientationLandscapeRight";
				INFOPLIST_KEY_UISupportedInterfaceOrientations_iPhone = "UIInterfaceOrientationPortrait UIInterfaceOrientationLandscapeLeft UIInterfaceOrientationLandscapeRight";
				LD_RUNPATH_SEARCH_PATHS = (
					"$(inherited)",
					"@executable_path/Frameworks",
				);
				MARKETING_VERSION = 1.0;
				PRODUCT_BUNDLE_IDENTIFIER = "me.tip-calc-wiho";
				PRODUCT_NAME = "$(TARGET_NAME)";
				SWIFT_EMIT_LOC_STRINGS = YES;
				SWIFT_VERSION = 5.0;
				TARGETED_DEVICE_FAMILY = "1,2";
			};
			name = Release;
		};
		BE682DDE28A8BAAA00072532 /* Debug */ = {
			isa = XCBuildConfiguration;
			buildSettings = {
				ALWAYS_EMBED_SWIFT_STANDARD_LIBRARIES = YES;
				BUNDLE_LOADER = "$(TEST_HOST)";
				CODE_SIGN_STYLE = Automatic;
				CURRENT_PROJECT_VERSION = 1;
				GENERATE_INFOPLIST_FILE = YES;
				IPHONEOS_DEPLOYMENT_TARGET = 15.5;
				MARKETING_VERSION = 1.0;
				PRODUCT_BUNDLE_IDENTIFIER = "memo.com.tip-calculatorTests";
				PRODUCT_NAME = "$(TARGET_NAME)";
				SWIFT_EMIT_LOC_STRINGS = NO;
				SWIFT_VERSION = 5.0;
				TARGETED_DEVICE_FAMILY = "1,2";
				TEST_HOST = "$(BUILT_PRODUCTS_DIR)/tip-calculator.app/tip-calculator";
			};
			name = Debug;
		};
		BE682DDF28A8BAAA00072532 /* Release */ = {
			isa = XCBuildConfiguration;
			buildSettings = {
				ALWAYS_EMBED_SWIFT_STANDARD_LIBRARIES = YES;
				BUNDLE_LOADER = "$(TEST_HOST)";
				CODE_SIGN_STYLE = Automatic;
				CURRENT_PROJECT_VERSION = 1;
				GENERATE_INFOPLIST_FILE = YES;
				IPHONEOS_DEPLOYMENT_TARGET = 15.5;
				MARKETING_VERSION = 1.0;
				PRODUCT_BUNDLE_IDENTIFIER = "memo.com.tip-calculatorTests";
				PRODUCT_NAME = "$(TARGET_NAME)";
				SWIFT_EMIT_LOC_STRINGS = NO;
				SWIFT_VERSION = 5.0;
				TARGETED_DEVICE_FAMILY = "1,2";
				TEST_HOST = "$(BUILT_PRODUCTS_DIR)/tip-calculator.app/tip-calculator";
			};
			name = Release;
		};
		BE682DE128A8BAAA00072532 /* Debug */ = {
			isa = XCBuildConfiguration;
			buildSettings = {
				ALWAYS_EMBED_SWIFT_STANDARD_LIBRARIES = YES;
				CODE_SIGN_STYLE = Automatic;
				CURRENT_PROJECT_VERSION = 1;
				GENERATE_INFOPLIST_FILE = YES;
				MARKETING_VERSION = 1.0;
				PRODUCT_BUNDLE_IDENTIFIER = "memo.com.tip-calculatorUITests";
				PRODUCT_NAME = "$(TARGET_NAME)";
				SWIFT_EMIT_LOC_STRINGS = NO;
				SWIFT_VERSION = 5.0;
				TARGETED_DEVICE_FAMILY = "1,2";
				TEST_TARGET_NAME = "tip-calculator";
			};
			name = Debug;
		};
		BE682DE228A8BAAA00072532 /* Release */ = {
			isa = XCBuildConfiguration;
			buildSettings = {
				ALWAYS_EMBED_SWIFT_STANDARD_LIBRARIES = YES;
				CODE_SIGN_STYLE = Automatic;
				CURRENT_PROJECT_VERSION = 1;
				GENERATE_INFOPLIST_FILE = YES;
				MARKETING_VERSION = 1.0;
				PRODUCT_BUNDLE_IDENTIFIER = "memo.com.tip-calculatorUITests";
				PRODUCT_NAME = "$(TARGET_NAME)";
				SWIFT_EMIT_LOC_STRINGS = NO;
				SWIFT_VERSION = 5.0;
				TARGETED_DEVICE_FAMILY = "1,2";
				TEST_TARGET_NAME = "tip-calculator";
			};
			name = Release;
		};
/* End XCBuildConfiguration section */

/* Begin XCConfigurationList section */
		BE682DAB28A8BAA900072532 /* Build configuration list for PBXProject "tip-calculator" */ = {
			isa = XCConfigurationList;
			buildConfigurations = (
				BE682DD828A8BAAA00072532 /* Debug */,
				BE682DD928A8BAAA00072532 /* Release */,
			);
			defaultConfigurationIsVisible = 0;
			defaultConfigurationName = Release;
		};
		BE682DDA28A8BAAA00072532 /* Build configuration list for PBXNativeTarget "tip-calculator" */ = {
			isa = XCConfigurationList;
			buildConfigurations = (
				BE682DDB28A8BAAA00072532 /* Debug */,
				BE682DDC28A8BAAA00072532 /* Release */,
			);
			defaultConfigurationIsVisible = 0;
			defaultConfigurationName = Release;
		};
		BE682DDD28A8BAAA00072532 /* Build configuration list for PBXNativeTarget "tip-calculatorTests" */ = {
			isa = XCConfigurationList;
			buildConfigurations = (
				BE682DDE28A8BAAA00072532 /* Debug */,
				BE682DDF28A8BAAA00072532 /* Release */,
			);
			defaultConfigurationIsVisible = 0;
			defaultConfigurationName = Release;
		};
		BE682DE028A8BAAA00072532 /* Build configuration list for PBXNativeTarget "tip-calculatorUITests" */ = {
			isa = XCConfigurationList;
			buildConfigurations = (
				BE682DE128A8BAAA00072532 /* Debug */,
				BE682DE228A8BAAA00072532 /* Release */,
			);
			defaultConfigurationIsVisible = 0;
			defaultConfigurationName = Release;
		};
/* End XCConfigurationList section */
	};
	rootObject = BE682DA828A8BAA900072532 /* Project object */;
}
