// !$*UTF8*$!
{
	archiveVersion = 1;
	classes = {
	};
	objectVersion = 55;
	objects = {

/* Begin PBXBuildFile section */
		BE682D3F28A8B06000072532 /* AppDelegate.swift in Sources */ = {isa = PBXBuildFile; fileRef = BE682D3E28A8B06000072532 /* AppDelegate.swift */; };
		BE682D4128A8B06000072532 /* ViewController.swift in Sources */ = {isa = PBXBuildFile; fileRef = BE682D4028A8B06000072532 /* ViewController.swift */; };
		BE682D4328A8B06100072532 /* Assets.xcassets in Resources */ = {isa = PBXBuildFile; fileRef = BE682D4228A8B06100072532 /* Assets.xcassets */; };
		BE682D4628A8B06100072532 /* Main.storyboard in Resources */ = {isa = PBXBuildFile; fileRef = BE682D4428A8B06100072532 /* Main.storyboard */; };
		BE682D5128A8B06100072532 /* tip_calculatorTests.swift in Sources */ = {isa = PBXBuildFile; fileRef = BE682D5028A8B06100072532 /* tip_calculatorTests.swift */; };
		BE682D5B28A8B06100072532 /* tip_calculatorUITests.swift in Sources */ = {isa = PBXBuildFile; fileRef = BE682D5A28A8B06100072532 /* tip_calculatorUITests.swift */; };
		BE682D5D28A8B06100072532 /* tip_calculatorUITestsLaunchTests.swift in Sources */ = {isa = PBXBuildFile; fileRef = BE682D5C28A8B06100072532 /* tip_calculatorUITestsLaunchTests.swift */; };
/* End PBXBuildFile section */

/* Begin PBXContainerItemProxy section */
		BE682D4D28A8B06100072532 /* PBXContainerItemProxy */ = {
			isa = PBXContainerItemProxy;
			containerPortal = BE682D3328A8B06000072532 /* Project object */;
			proxyType = 1;
			remoteGlobalIDString = BE682D3A28A8B06000072532;
			remoteInfo = "tip-calculator";
		};
		BE682D5728A8B06100072532 /* PBXContainerItemProxy */ = {
			isa = PBXContainerItemProxy;
			containerPortal = BE682D3328A8B06000072532 /* Project object */;
			proxyType = 1;
			remoteGlobalIDString = BE682D3A28A8B06000072532;
			remoteInfo = "tip-calculator";
		};
/* End PBXContainerItemProxy section */

/* Begin PBXFileReference section */
		BE682D3B28A8B06000072532 /* tip-calculator.app */ = {isa = PBXFileReference; explicitFileType = wrapper.application; includeInIndex = 0; path = "tip-calculator.app"; sourceTree = BUILT_PRODUCTS_DIR; };
		BE682D3E28A8B06000072532 /* AppDelegate.swift */ = {isa = PBXFileReference; lastKnownFileType = sourcecode.swift; path = AppDelegate.swift; sourceTree = "<group>"; };
		BE682D4028A8B06000072532 /* ViewController.swift */ = {isa = PBXFileReference; lastKnownFileType = sourcecode.swift; path = ViewController.swift; sourceTree = "<group>"; };
		BE682D4228A8B06100072532 /* Assets.xcassets */ = {isa = PBXFileReference; lastKnownFileType = folder.assetcatalog; path = Assets.xcassets; sourceTree = "<group>"; };
		BE682D4528A8B06100072532 /* Base */ = {isa = PBXFileReference; lastKnownFileType = file.storyboard; name = Base; path = Base.lproj/Main.storyboard; sourceTree = "<group>"; };
		BE682D4728A8B06100072532 /* tip_calculator.entitlements */ = {isa = PBXFileReference; lastKnownFileType = text.plist.entitlements; path = tip_calculator.entitlements; sourceTree = "<group>"; };
		BE682D4C28A8B06100072532 /* tip-calculatorTests.xctest */ = {isa = PBXFileReference; explicitFileType = wrapper.cfbundle; includeInIndex = 0; path = "tip-calculatorTests.xctest"; sourceTree = BUILT_PRODUCTS_DIR; };
		BE682D5028A8B06100072532 /* tip_calculatorTests.swift */ = {isa = PBXFileReference; lastKnownFileType = sourcecode.swift; path = tip_calculatorTests.swift; sourceTree = "<group>"; };
		BE682D5628A8B06100072532 /* tip-calculatorUITests.xctest */ = {isa = PBXFileReference; explicitFileType = wrapper.cfbundle; includeInIndex = 0; path = "tip-calculatorUITests.xctest"; sourceTree = BUILT_PRODUCTS_DIR; };
		BE682D5A28A8B06100072532 /* tip_calculatorUITests.swift */ = {isa = PBXFileReference; lastKnownFileType = sourcecode.swift; path = tip_calculatorUITests.swift; sourceTree = "<group>"; };
		BE682D5C28A8B06100072532 /* tip_calculatorUITestsLaunchTests.swift */ = {isa = PBXFileReference; lastKnownFileType = sourcecode.swift; path = tip_calculatorUITestsLaunchTests.swift; sourceTree = "<group>"; };
/* End PBXFileReference section */

/* Begin PBXFrameworksBuildPhase section */
		BE682D3828A8B06000072532 /* Frameworks */ = {
			isa = PBXFrameworksBuildPhase;
			buildActionMask = 2147483647;
			files = (
			);
			runOnlyForDeploymentPostprocessing = 0;
		};
		BE682D4928A8B06100072532 /* Frameworks */ = {
			isa = PBXFrameworksBuildPhase;
			buildActionMask = 2147483647;
			files = (
			);
			runOnlyForDeploymentPostprocessing = 0;
		};
		BE682D5328A8B06100072532 /* Frameworks */ = {
			isa = PBXFrameworksBuildPhase;
			buildActionMask = 2147483647;
			files = (
			);
			runOnlyForDeploymentPostprocessing = 0;
		};
/* End PBXFrameworksBuildPhase section */

/* Begin PBXGroup section */
		BE682D3228A8B06000072532 = {
			isa = PBXGroup;
			children = (
				BE682D3D28A8B06000072532 /* tip-calculator */,
				BE682D4F28A8B06100072532 /* tip-calculatorTests */,
				BE682D5928A8B06100072532 /* tip-calculatorUITests */,
				BE682D3C28A8B06000072532 /* Products */,
			);
			sourceTree = "<group>";
		};
		BE682D3C28A8B06000072532 /* Products */ = {
			isa = PBXGroup;
			children = (
				BE682D3B28A8B06000072532 /* tip-calculator.app */,
				BE682D4C28A8B06100072532 /* tip-calculatorTests.xctest */,
				BE682D5628A8B06100072532 /* tip-calculatorUITests.xctest */,
			);
			name = Products;
			sourceTree = "<group>";
		};
		BE682D3D28A8B06000072532 /* tip-calculator */ = {
			isa = PBXGroup;
			children = (
				BE682D3E28A8B06000072532 /* AppDelegate.swift */,
				BE682D4028A8B06000072532 /* ViewController.swift */,
				BE682D4228A8B06100072532 /* Assets.xcassets */,
				BE682D4428A8B06100072532 /* Main.storyboard */,
				BE682D4728A8B06100072532 /* tip_calculator.entitlements */,
			);
			path = "tip-calculator";
			sourceTree = "<group>";
		};
		BE682D4F28A8B06100072532 /* tip-calculatorTests */ = {
			isa = PBXGroup;
			children = (
				BE682D5028A8B06100072532 /* tip_calculatorTests.swift */,
			);
			path = "tip-calculatorTests";
			sourceTree = "<group>";
		};
		BE682D5928A8B06100072532 /* tip-calculatorUITests */ = {
			isa = PBXGroup;
			children = (
				BE682D5A28A8B06100072532 /* tip_calculatorUITests.swift */,
				BE682D5C28A8B06100072532 /* tip_calculatorUITestsLaunchTests.swift */,
			);
			path = "tip-calculatorUITests";
			sourceTree = "<group>";
		};
/* End PBXGroup section */

/* Begin PBXNativeTarget section */
		BE682D3A28A8B06000072532 /* tip-calculator */ = {
			isa = PBXNativeTarget;
			buildConfigurationList = BE682D6028A8B06100072532 /* Build configuration list for PBXNativeTarget "tip-calculator" */;
			buildPhases = (
				BE682D3728A8B06000072532 /* Sources */,
				BE682D3828A8B06000072532 /* Frameworks */,
				BE682D3928A8B06000072532 /* Resources */,
			);
			buildRules = (
			);
			dependencies = (
			);
			name = "tip-calculator";
			productName = "tip-calculator";
			productReference = BE682D3B28A8B06000072532 /* tip-calculator.app */;
			productType = "com.apple.product-type.application";
		};
		BE682D4B28A8B06100072532 /* tip-calculatorTests */ = {
			isa = PBXNativeTarget;
			buildConfigurationList = BE682D6328A8B06100072532 /* Build configuration list for PBXNativeTarget "tip-calculatorTests" */;
			buildPhases = (
				BE682D4828A8B06100072532 /* Sources */,
				BE682D4928A8B06100072532 /* Frameworks */,
				BE682D4A28A8B06100072532 /* Resources */,
			);
			buildRules = (
			);
			dependencies = (
				BE682D4E28A8B06100072532 /* PBXTargetDependency */,
			);
			name = "tip-calculatorTests";
			productName = "tip-calculatorTests";
			productReference = BE682D4C28A8B06100072532 /* tip-calculatorTests.xctest */;
			productType = "com.apple.product-type.bundle.unit-test";
		};
		BE682D5528A8B06100072532 /* tip-calculatorUITests */ = {
			isa = PBXNativeTarget;
			buildConfigurationList = BE682D6628A8B06100072532 /* Build configuration list for PBXNativeTarget "tip-calculatorUITests" */;
			buildPhases = (
				BE682D5228A8B06100072532 /* Sources */,
				BE682D5328A8B06100072532 /* Frameworks */,
				BE682D5428A8B06100072532 /* Resources */,
			);
			buildRules = (
			);
			dependencies = (
				BE682D5828A8B06100072532 /* PBXTargetDependency */,
			);
			name = "tip-calculatorUITests";
			productName = "tip-calculatorUITests";
			productReference = BE682D5628A8B06100072532 /* tip-calculatorUITests.xctest */;
			productType = "com.apple.product-type.bundle.ui-testing";
		};
/* End PBXNativeTarget section */

/* Begin PBXProject section */
		BE682D3328A8B06000072532 /* Project object */ = {
			isa = PBXProject;
			attributes = {
				BuildIndependentTargetsInParallel = 1;
				LastSwiftUpdateCheck = 1340;
				LastUpgradeCheck = 1340;
				TargetAttributes = {
					BE682D3A28A8B06000072532 = {
						CreatedOnToolsVersion = 13.4.1;
					};
					BE682D4B28A8B06100072532 = {
						CreatedOnToolsVersion = 13.4.1;
						TestTargetID = BE682D3A28A8B06000072532;
					};
					BE682D5528A8B06100072532 = {
						CreatedOnToolsVersion = 13.4.1;
						TestTargetID = BE682D3A28A8B06000072532;
					};
				};
			};
			buildConfigurationList = BE682D3628A8B06000072532 /* Build configuration list for PBXProject "tip-calculator" */;
			compatibilityVersion = "Xcode 13.0";
			developmentRegion = en;
			hasScannedForEncodings = 0;
			knownRegions = (
				en,
				Base,
			);
			mainGroup = BE682D3228A8B06000072532;
			productRefGroup = BE682D3C28A8B06000072532 /* Products */;
			projectDirPath = "";
			projectRoot = "";
			targets = (
				BE682D3A28A8B06000072532 /* tip-calculator */,
				BE682D4B28A8B06100072532 /* tip-calculatorTests */,
				BE682D5528A8B06100072532 /* tip-calculatorUITests */,
			);
		};
/* End PBXProject section */

/* Begin PBXResourcesBuildPhase section */
		BE682D3928A8B06000072532 /* Resources */ = {
			isa = PBXResourcesBuildPhase;
			buildActionMask = 2147483647;
			files = (
				BE682D4328A8B06100072532 /* Assets.xcassets in Resources */,
				BE682D4628A8B06100072532 /* Main.storyboard in Resources */,
			);
			runOnlyForDeploymentPostprocessing = 0;
		};
		BE682D4A28A8B06100072532 /* Resources */ = {
			isa = PBXResourcesBuildPhase;
			buildActionMask = 2147483647;
			files = (
			);
			runOnlyForDeploymentPostprocessing = 0;
		};
		BE682D5428A8B06100072532 /* Resources */ = {
			isa = PBXResourcesBuildPhase;
			buildActionMask = 2147483647;
			files = (
			);
			runOnlyForDeploymentPostprocessing = 0;
		};
/* End PBXResourcesBuildPhase section */

/* Begin PBXSourcesBuildPhase section */
		BE682D3728A8B06000072532 /* Sources */ = {
			isa = PBXSourcesBuildPhase;
			buildActionMask = 2147483647;
			files = (
				BE682D4128A8B06000072532 /* ViewController.swift in Sources */,
				BE682D3F28A8B06000072532 /* AppDelegate.swift in Sources */,
			);
			runOnlyForDeploymentPostprocessing = 0;
		};
		BE682D4828A8B06100072532 /* Sources */ = {
			isa = PBXSourcesBuildPhase;
			buildActionMask = 2147483647;
			files = (
				BE682D5128A8B06100072532 /* tip_calculatorTests.swift in Sources */,
			);
			runOnlyForDeploymentPostprocessing = 0;
		};
		BE682D5228A8B06100072532 /* Sources */ = {
			isa = PBXSourcesBuildPhase;
			buildActionMask = 2147483647;
			files = (
				BE682D5D28A8B06100072532 /* tip_calculatorUITestsLaunchTests.swift in Sources */,
				BE682D5B28A8B06100072532 /* tip_calculatorUITests.swift in Sources */,
			);
			runOnlyForDeploymentPostprocessing = 0;
		};
/* End PBXSourcesBuildPhase section */

/* Begin PBXTargetDependency section */
		BE682D4E28A8B06100072532 /* PBXTargetDependency */ = {
			isa = PBXTargetDependency;
			target = BE682D3A28A8B06000072532 /* tip-calculator */;
			targetProxy = BE682D4D28A8B06100072532 /* PBXContainerItemProxy */;
		};
		BE682D5828A8B06100072532 /* PBXTargetDependency */ = {
			isa = PBXTargetDependency;
			target = BE682D3A28A8B06000072532 /* tip-calculator */;
			targetProxy = BE682D5728A8B06100072532 /* PBXContainerItemProxy */;
		};
/* End PBXTargetDependency section */

/* Begin PBXVariantGroup section */
		BE682D4428A8B06100072532 /* Main.storyboard */ = {
			isa = PBXVariantGroup;
			children = (
				BE682D4528A8B06100072532 /* Base */,
			);
			name = Main.storyboard;
			sourceTree = "<group>";
		};
/* End PBXVariantGroup section */

/* Begin XCBuildConfiguration section */
		BE682D5E28A8B06100072532 /* Debug */ = {
			isa = XCBuildConfiguration;
			buildSettings = {
				ALWAYS_SEARCH_USER_PATHS = NO;
				CLANG_ANALYZER_NONNULL = YES;
				CLANG_ANALYZER_NUMBER_OBJECT_CONVERSION = YES_AGGRESSIVE;
				CLANG_CXX_LANGUAGE_STANDARD = "gnu++17";
				CLANG_ENABLE_MODULES = YES;
				CLANG_ENABLE_OBJC_ARC = YES;
				CLANG_ENABLE_OBJC_WEAK = YES;
				CLANG_WARN_BLOCK_CAPTURE_AUTORELEASING = YES;
				CLANG_WARN_BOOL_CONVERSION = YES;
				CLANG_WARN_COMMA = YES;
				CLANG_WARN_CONSTANT_CONVERSION = YES;
				CLANG_WARN_DEPRECATED_OBJC_IMPLEMENTATIONS = YES;
				CLANG_WARN_DIRECT_OBJC_ISA_USAGE = YES_ERROR;
				CLANG_WARN_DOCUMENTATION_COMMENTS = YES;
				CLANG_WARN_EMPTY_BODY = YES;
				CLANG_WARN_ENUM_CONVERSION = YES;
				CLANG_WARN_INFINITE_RECURSION = YES;
				CLANG_WARN_INT_CONVERSION = YES;
				CLANG_WARN_NON_LITERAL_NULL_CONVERSION = YES;
				CLANG_WARN_OBJC_IMPLICIT_RETAIN_SELF = YES;
				CLANG_WARN_OBJC_LITERAL_CONVERSION = YES;
				CLANG_WARN_OBJC_ROOT_CLASS = YES_ERROR;
				CLANG_WARN_QUOTED_INCLUDE_IN_FRAMEWORK_HEADER = YES;
				CLANG_WARN_RANGE_LOOP_ANALYSIS = YES;
				CLANG_WARN_STRICT_PROTOTYPES = YES;
				CLANG_WARN_SUSPICIOUS_MOVE = YES;
				CLANG_WARN_UNGUARDED_AVAILABILITY = YES_AGGRESSIVE;
				CLANG_WARN_UNREACHABLE_CODE = YES;
				CLANG_WARN__DUPLICATE_METHOD_MATCH = YES;
				COPY_PHASE_STRIP = NO;
				DEBUG_INFORMATION_FORMAT = dwarf;
				ENABLE_STRICT_OBJC_MSGSEND = YES;
				ENABLE_TESTABILITY = YES;
				GCC_C_LANGUAGE_STANDARD = gnu11;
				GCC_DYNAMIC_NO_PIC = NO;
				GCC_NO_COMMON_BLOCKS = YES;
				GCC_OPTIMIZATION_LEVEL = 0;
				GCC_PREPROCESSOR_DEFINITIONS = (
					"DEBUG=1",
					"$(inherited)",
				);
				GCC_WARN_64_TO_32_BIT_CONVERSION = YES;
				GCC_WARN_ABOUT_RETURN_TYPE = YES_ERROR;
				GCC_WARN_UNDECLARED_SELECTOR = YES;
				GCC_WARN_UNINITIALIZED_AUTOS = YES_AGGRESSIVE;
				GCC_WARN_UNUSED_FUNCTION = YES;
				GCC_WARN_UNUSED_VARIABLE = YES;
				MACOSX_DEPLOYMENT_TARGET = 12.0;
				MTL_ENABLE_DEBUG_INFO = INCLUDE_SOURCE;
				MTL_FAST_MATH = YES;
				ONLY_ACTIVE_ARCH = YES;
				SDKROOT = macosx;
				SWIFT_ACTIVE_COMPILATION_CONDITIONS = DEBUG;
				SWIFT_OPTIMIZATION_LEVEL = "-Onone";
			};
			name = Debug;
		};
		BE682D5F28A8B06100072532 /* Release */ = {
			isa = XCBuildConfiguration;
			buildSettings = {
				ALWAYS_SEARCH_USER_PATHS = NO;
				CLANG_ANALYZER_NONNULL = YES;
				CLANG_ANALYZER_NUMBER_OBJECT_CONVERSION = YES_AGGRESSIVE;
				CLANG_CXX_LANGUAGE_STANDARD = "gnu++17";
				CLANG_ENABLE_MODULES = YES;
				CLANG_ENABLE_OBJC_ARC = YES;
				CLANG_ENABLE_OBJC_WEAK = YES;
				CLANG_WARN_BLOCK_CAPTURE_AUTORELEASING = YES;
				CLANG_WARN_BOOL_CONVERSION = YES;
				CLANG_WARN_COMMA = YES;
				CLANG_WARN_CONSTANT_CONVERSION = YES;
				CLANG_WARN_DEPRECATED_OBJC_IMPLEMENTATIONS = YES;
				CLANG_WARN_DIRECT_OBJC_ISA_USAGE = YES_ERROR;
				CLANG_WARN_DOCUMENTATION_COMMENTS = YES;
				CLANG_WARN_EMPTY_BODY = YES;
				CLANG_WARN_ENUM_CONVERSION = YES;
				CLANG_WARN_INFINITE_RECURSION = YES;
				CLANG_WARN_INT_CONVERSION = YES;
				CLANG_WARN_NON_LITERAL_NULL_CONVERSION = YES;
				CLANG_WARN_OBJC_IMPLICIT_RETAIN_SELF = YES;
				CLANG_WARN_OBJC_LITERAL_CONVERSION = YES;
				CLANG_WARN_OBJC_ROOT_CLASS = YES_ERROR;
				CLANG_WARN_QUOTED_INCLUDE_IN_FRAMEWORK_HEADER = YES;
				CLANG_WARN_RANGE_LOOP_ANALYSIS = YES;
				CLANG_WARN_STRICT_PROTOTYPES = YES;
				CLANG_WARN_SUSPICIOUS_MOVE = YES;
				CLANG_WARN_UNGUARDED_AVAILABILITY = YES_AGGRESSIVE;
				CLANG_WARN_UNREACHABLE_CODE = YES;
				CLANG_WARN__DUPLICATE_METHOD_MATCH = YES;
				COPY_PHASE_STRIP = NO;
				DEBUG_INFORMATION_FORMAT = "dwarf-with-dsym";
				ENABLE_NS_ASSERTIONS = NO;
				ENABLE_STRICT_OBJC_MSGSEND = YES;
				GCC_C_LANGUAGE_STANDARD = gnu11;
				GCC_NO_COMMON_BLOCKS = YES;
				GCC_WARN_64_TO_32_BIT_CONVERSION = YES;
				GCC_WARN_ABOUT_RETURN_TYPE = YES_ERROR;
				GCC_WARN_UNDECLARED_SELECTOR = YES;
				GCC_WARN_UNINITIALIZED_AUTOS = YES_AGGRESSIVE;
				GCC_WARN_UNUSED_FUNCTION = YES;
				GCC_WARN_UNUSED_VARIABLE = YES;
				MACOSX_DEPLOYMENT_TARGET = 12.0;
				MTL_ENABLE_DEBUG_INFO = NO;
				MTL_FAST_MATH = YES;
				SDKROOT = macosx;
				SWIFT_COMPILATION_MODE = wholemodule;
				SWIFT_OPTIMIZATION_LEVEL = "-O";
			};
			name = Release;
		};
		BE682D6128A8B06100072532 /* Debug */ = {
			isa = XCBuildConfiguration;
			buildSettings = {
				ASSETCATALOG_COMPILER_APPICON_NAME = AppIcon;
				ASSETCATALOG_COMPILER_GLOBAL_ACCENT_COLOR_NAME = AccentColor;
				CODE_SIGN_ENTITLEMENTS = "tip-calculator/tip_calculator.entitlements";
				CODE_SIGN_STYLE = Automatic;
				COMBINE_HIDPI_IMAGES = YES;
				CURRENT_PROJECT_VERSION = 1;
				GENERATE_INFOPLIST_FILE = YES;
				INFOPLIST_KEY_NSHumanReadableCopyright = "";
				INFOPLIST_KEY_NSMainStoryboardFile = Main;
				INFOPLIST_KEY_NSPrincipalClass = NSApplication;
				LD_RUNPATH_SEARCH_PATHS = (
					"$(inherited)",
					"@executable_path/../Frameworks",
				);
				MARKETING_VERSION = 1.0;
				PRODUCT_BUNDLE_IDENTIFIER = "memo.com.tip-calculator";
				PRODUCT_NAME = "$(TARGET_NAME)";
				SWIFT_EMIT_LOC_STRINGS = YES;
				SWIFT_VERSION = 5.0;
			};
			name = Debug;
		};
		BE682D6228A8B06100072532 /* Release */ = {
			isa = XCBuildConfiguration;
			buildSettings = {
				ASSETCATALOG_COMPILER_APPICON_NAME = AppIcon;
				ASSETCATALOG_COMPILER_GLOBAL_ACCENT_COLOR_NAME = AccentColor;
				CODE_SIGN_ENTITLEMENTS = "tip-calculator/tip_calculator.entitlements";
				CODE_SIGN_STYLE = Automatic;
				COMBINE_HIDPI_IMAGES = YES;
				CURRENT_PROJECT_VERSION = 1;
				GENERATE_INFOPLIST_FILE = YES;
				INFOPLIST_KEY_NSHumanReadableCopyright = "";
				INFOPLIST_KEY_NSMainStoryboardFile = Main;
				INFOPLIST_KEY_NSPrincipalClass = NSApplication;
				LD_RUNPATH_SEARCH_PATHS = (
					"$(inherited)",
					"@executable_path/../Frameworks",
				);
				MARKETING_VERSION = 1.0;
				PRODUCT_BUNDLE_IDENTIFIER = "memo.com.tip-calculator";
				PRODUCT_NAME = "$(TARGET_NAME)";
				SWIFT_EMIT_LOC_STRINGS = YES;
				SWIFT_VERSION = 5.0;
			};
			name = Release;
		};
		BE682D6428A8B06100072532 /* Debug */ = {
			isa = XCBuildConfiguration;
			buildSettings = {
				ALWAYS_EMBED_SWIFT_STANDARD_LIBRARIES = YES;
				BUNDLE_LOADER = "$(TEST_HOST)";
				CODE_SIGN_STYLE = Automatic;
				CURRENT_PROJECT_VERSION = 1;
				GENERATE_INFOPLIST_FILE = YES;
				MACOSX_DEPLOYMENT_TARGET = 12.0;
				MARKETING_VERSION = 1.0;
				PRODUCT_BUNDLE_IDENTIFIER = "memo.com.tip-calculatorTests";
				PRODUCT_NAME = "$(TARGET_NAME)";
				SWIFT_EMIT_LOC_STRINGS = NO;
				SWIFT_VERSION = 5.0;
				TEST_HOST = "$(BUILT_PRODUCTS_DIR)/tip-calculator.app/Contents/MacOS/tip-calculator";
			};
			name = Debug;
		};
		BE682D6528A8B06100072532 /* Release */ = {
			isa = XCBuildConfiguration;
			buildSettings = {
				ALWAYS_EMBED_SWIFT_STANDARD_LIBRARIES = YES;
				BUNDLE_LOADER = "$(TEST_HOST)";
				CODE_SIGN_STYLE = Automatic;
				CURRENT_PROJECT_VERSION = 1;
				GENERATE_INFOPLIST_FILE = YES;
				MACOSX_DEPLOYMENT_TARGET = 12.0;
				MARKETING_VERSION = 1.0;
				PRODUCT_BUNDLE_IDENTIFIER = "memo.com.tip-calculatorTests";
				PRODUCT_NAME = "$(TARGET_NAME)";
				SWIFT_EMIT_LOC_STRINGS = NO;
				SWIFT_VERSION = 5.0;
				TEST_HOST = "$(BUILT_PRODUCTS_DIR)/tip-calculator.app/Contents/MacOS/tip-calculator";
			};
			name = Release;
		};
		BE682D6728A8B06100072532 /* Debug */ = {
			isa = XCBuildConfiguration;
			buildSettings = {
				ALWAYS_EMBED_SWIFT_STANDARD_LIBRARIES = YES;
				CODE_SIGN_STYLE = Automatic;
				CURRENT_PROJECT_VERSION = 1;
				GENERATE_INFOPLIST_FILE = YES;
				MARKETING_VERSION = 1.0;
				PRODUCT_BUNDLE_IDENTIFIER = "memo.com.tip-calculatorUITests";
				PRODUCT_NAME = "$(TARGET_NAME)";
				SWIFT_EMIT_LOC_STRINGS = NO;
				SWIFT_VERSION = 5.0;
				TEST_TARGET_NAME = "tip-calculator";
			};
			name = Debug;
		};
		BE682D6828A8B06100072532 /* Release */ = {
			isa = XCBuildConfiguration;
			buildSettings = {
				ALWAYS_EMBED_SWIFT_STANDARD_LIBRARIES = YES;
				CODE_SIGN_STYLE = Automatic;
				CURRENT_PROJECT_VERSION = 1;
				GENERATE_INFOPLIST_FILE = YES;
				MARKETING_VERSION = 1.0;
				PRODUCT_BUNDLE_IDENTIFIER = "memo.com.tip-calculatorUITests";
				PRODUCT_NAME = "$(TARGET_NAME)";
				SWIFT_EMIT_LOC_STRINGS = NO;
				SWIFT_VERSION = 5.0;
				TEST_TARGET_NAME = "tip-calculator";
			};
			name = Release;
		};
/* End XCBuildConfiguration section */

/* Begin XCConfigurationList section */
		BE682D3628A8B06000072532 /* Build configuration list for PBXProject "tip-calculator" */ = {
			isa = XCConfigurationList;
			buildConfigurations = (
				BE682D5E28A8B06100072532 /* Debug */,
				BE682D5F28A8B06100072532 /* Release */,
			);
			defaultConfigurationIsVisible = 0;
			defaultConfigurationName = Release;
		};
		BE682D6028A8B06100072532 /* Build configuration list for PBXNativeTarget "tip-calculator" */ = {
			isa = XCConfigurationList;
			buildConfigurations = (
				BE682D6128A8B06100072532 /* Debug */,
				BE682D6228A8B06100072532 /* Release */,
			);
			defaultConfigurationIsVisible = 0;
			defaultConfigurationName = Release;
		};
		BE682D6328A8B06100072532 /* Build configuration list for PBXNativeTarget "tip-calculatorTests" */ = {
			isa = XCConfigurationList;
			buildConfigurations = (
				BE682D6428A8B06100072532 /* Debug */,
				BE682D6528A8B06100072532 /* Release */,
			);
			defaultConfigurationIsVisible = 0;
			defaultConfigurationName = Release;
		};
		BE682D6628A8B06100072532 /* Build configuration list for PBXNativeTarget "tip-calculatorUITests" */ = {
			isa = XCConfigurationList;
			buildConfigurations = (
				BE682D6728A8B06100072532 /* Debug */,
				BE682D6828A8B06100072532 /* Release */,
			);
			defaultConfigurationIsVisible = 0;
			defaultConfigurationName = Release;
		};
/* End XCConfigurationList section */
	};
	rootObject = BE682D3328A8B06000072532 /* Project object */;
}
